
Microsoft Visual Studio Solution File, Format Version 12.00
# Visual Studio Version 17
VisualStudioVersion = 17.0.32014.148
MinimumVisualStudioVersion = 10.0.40219.1
Project("{FAE04EC0-301F-11D3-BF4B-00C04F79EFBC}") = "NBP_3", "NBP_3\NBP_3.csproj", "{59521375-2F26-46A6-9E5E-188A747BA99C}"
EndProject
Global
	GlobalSection(SolutionConfigurationPlatforms) = preSolution
		Debug|Any CPU = Debug|Any CPU
		Release|Any CPU = Release|Any CPU
	EndGlobalSection
	GlobalSection(ProjectConfigurationPlatforms) = postSolution
		{59521375-2F26-46A6-9E5E-188A747BA99C}.Debug|Any CPU.ActiveCfg = Debug|Any CPU
		{59521375-2F26-46A6-9E5E-188A747BA99C}.Debug|Any CPU.Build.0 = Debug|Any CPU
		{59521375-2F26-46A6-9E5E-188A747BA99C}.Release|Any CPU.ActiveCfg = Release|Any CPU
		{59521375-2F26-46A6-9E5E-188A747BA99C}.Release|Any CPU.Build.0 = Release|Any CPU
	EndGlobalSection
	GlobalSection(SolutionProperties) = preSolution
		HideSolutionNode = FALSE
	EndGlobalSection
	GlobalSection(ExtensibilityGlobals) = postSolution
		SolutionGuid = {CC04EFAD-B540-40F7-833A-6CFD55B55BEF}
	EndGlobalSection
EndGlobal
